// !$*UTF8*$!
{
	archiveVersion = 1;
	classes = {
	};
	objectVersion = 56;
	objects = {

/* Begin PBXBuildFile section */
		410996212BFAD76C00505FEF /* DeadstockedApp.swift in Sources */ = {isa = PBXBuildFile; fileRef = 410996202BFAD76C00505FEF /* DeadstockedApp.swift */; };
		410996232BFAD76C00505FEF /* ContentView.swift in Sources */ = {isa = PBXBuildFile; fileRef = 410996222BFAD76C00505FEF /* ContentView.swift */; };
		410996252BFAD76D00505FEF /* Assets.xcassets in Resources */ = {isa = PBXBuildFile; fileRef = 410996242BFAD76D00505FEF /* Assets.xcassets */; };
		410996282BFAD76D00505FEF /* Preview Assets.xcassets in Resources */ = {isa = PBXBuildFile; fileRef = 410996272BFAD76D00505FEF /* Preview Assets.xcassets */; };
		4109962A2BFAD76D00505FEF /* Persistence.swift in Sources */ = {isa = PBXBuildFile; fileRef = 410996292BFAD76D00505FEF /* Persistence.swift */; };
		4109962D2BFAD76D00505FEF /* Deadstocked.xcdatamodeld in Sources */ = {isa = PBXBuildFile; fileRef = 4109962B2BFAD76D00505FEF /* Deadstocked.xcdatamodeld */; };
		410996372BFAD76D00505FEF /* DeadstockedTests.swift in Sources */ = {isa = PBXBuildFile; fileRef = 410996362BFAD76D00505FEF /* DeadstockedTests.swift */; };
		410996412BFAD76D00505FEF /* DeadstockedUITests.swift in Sources */ = {isa = PBXBuildFile; fileRef = 410996402BFAD76D00505FEF /* DeadstockedUITests.swift */; };
		410996432BFAD76D00505FEF /* DeadstockedUITestsLaunchTests.swift in Sources */ = {isa = PBXBuildFile; fileRef = 410996422BFAD76D00505FEF /* DeadstockedUITestsLaunchTests.swift */; };
		411A47A22C079D7E00F594C2 /* MenuRow.swift in Sources */ = {isa = PBXBuildFile; fileRef = 411A47A12C079D7E00F594C2 /* MenuRow.swift */; };
		411A47A82C07A96700F594C2 /* ModelData.swift in Sources */ = {isa = PBXBuildFile; fileRef = 411A47A72C07A96700F594C2 /* ModelData.swift */; };
		411A47AD2C07ADD300F594C2 /* sneakers.json in Resources */ = {isa = PBXBuildFile; fileRef = 411A47AC2C07ADD300F594C2 /* sneakers.json */; };
		411A47B02C07B45B00F594C2 /* FirebaseAnalytics in Frameworks */ = {isa = PBXBuildFile; productRef = 411A47AF2C07B45B00F594C2 /* FirebaseAnalytics */; };
		411A47B22C07B45B00F594C2 /* FirebaseAnalyticsOnDeviceConversion in Frameworks */ = {isa = PBXBuildFile; productRef = 411A47B12C07B45B00F594C2 /* FirebaseAnalyticsOnDeviceConversion */; };
		411A47B42C07B45B00F594C2 /* FirebaseAnalyticsSwift in Frameworks */ = {isa = PBXBuildFile; productRef = 411A47B32C07B45B00F594C2 /* FirebaseAnalyticsSwift */; };
		411A47B62C07B45B00F594C2 /* FirebaseAnalyticsWithoutAdIdSupport in Frameworks */ = {isa = PBXBuildFile; productRef = 411A47B52C07B45B00F594C2 /* FirebaseAnalyticsWithoutAdIdSupport */; };
		411A47B82C07B45B00F594C2 /* FirebaseAppCheck in Frameworks */ = {isa = PBXBuildFile; productRef = 411A47B72C07B45B00F594C2 /* FirebaseAppCheck */; };
		411A47BA2C07B48300F594C2 /* Deadstocked Firebase.plist in Resources */ = {isa = PBXBuildFile; fileRef = 411A47B92C07B48300F594C2 /* Deadstocked Firebase.plist */; };
		411A47BC2C07B6B000F594C2 /* Sneakers.swift in Sources */ = {isa = PBXBuildFile; fileRef = 411A47BB2C07B6B000F594C2 /* Sneakers.swift */; };
		411A47BE2C07BD8800F594C2 /* SneakerViewModel.swift in Sources */ = {isa = PBXBuildFile; fileRef = 411A47BD2C07BD8800F594C2 /* SneakerViewModel.swift */; };
/* End PBXBuildFile section */

/* Begin PBXContainerItemProxy section */
		410996332BFAD76D00505FEF /* PBXContainerItemProxy */ = {
			isa = PBXContainerItemProxy;
			containerPortal = 410996152BFAD76C00505FEF /* Project object */;
			proxyType = 1;
			remoteGlobalIDString = 4109961C2BFAD76C00505FEF;
			remoteInfo = Deadstocked;
		};
		4109963D2BFAD76D00505FEF /* PBXContainerItemProxy */ = {
			isa = PBXContainerItemProxy;
			containerPortal = 410996152BFAD76C00505FEF /* Project object */;
			proxyType = 1;
			remoteGlobalIDString = 4109961C2BFAD76C00505FEF;
			remoteInfo = Deadstocked;
		};
/* End PBXContainerItemProxy section */

/* Begin PBXFileReference section */
		4109961D2BFAD76C00505FEF /* Deadstocked.app */ = {isa = PBXFileReference; explicitFileType = wrapper.application; includeInIndex = 0; path = Deadstocked.app; sourceTree = BUILT_PRODUCTS_DIR; };
		410996202BFAD76C00505FEF /* DeadstockedApp.swift */ = {isa = PBXFileReference; lastKnownFileType = sourcecode.swift; path = DeadstockedApp.swift; sourceTree = "<group>"; };
		410996222BFAD76C00505FEF /* ContentView.swift */ = {isa = PBXFileReference; lastKnownFileType = sourcecode.swift; path = ContentView.swift; sourceTree = "<group>"; };
		410996242BFAD76D00505FEF /* Assets.xcassets */ = {isa = PBXFileReference; lastKnownFileType = folder.assetcatalog; path = Assets.xcassets; sourceTree = "<group>"; };
		410996272BFAD76D00505FEF /* Preview Assets.xcassets */ = {isa = PBXFileReference; lastKnownFileType = folder.assetcatalog; path = "Preview Assets.xcassets"; sourceTree = "<group>"; };
		410996292BFAD76D00505FEF /* Persistence.swift */ = {isa = PBXFileReference; lastKnownFileType = sourcecode.swift; path = Persistence.swift; sourceTree = "<group>"; };
		4109962C2BFAD76D00505FEF /* Deadstocked.xcdatamodel */ = {isa = PBXFileReference; lastKnownFileType = wrapper.xcdatamodel; path = Deadstocked.xcdatamodel; sourceTree = "<group>"; };
		410996322BFAD76D00505FEF /* DeadstockedTests.xctest */ = {isa = PBXFileReference; explicitFileType = wrapper.cfbundle; includeInIndex = 0; path = DeadstockedTests.xctest; sourceTree = BUILT_PRODUCTS_DIR; };
		410996362BFAD76D00505FEF /* DeadstockedTests.swift */ = {isa = PBXFileReference; lastKnownFileType = sourcecode.swift; path = DeadstockedTests.swift; sourceTree = "<group>"; };
		4109963C2BFAD76D00505FEF /* DeadstockedUITests.xctest */ = {isa = PBXFileReference; explicitFileType = wrapper.cfbundle; includeInIndex = 0; path = DeadstockedUITests.xctest; sourceTree = BUILT_PRODUCTS_DIR; };
		410996402BFAD76D00505FEF /* DeadstockedUITests.swift */ = {isa = PBXFileReference; lastKnownFileType = sourcecode.swift; path = DeadstockedUITests.swift; sourceTree = "<group>"; };
		410996422BFAD76D00505FEF /* DeadstockedUITestsLaunchTests.swift */ = {isa = PBXFileReference; lastKnownFileType = sourcecode.swift; path = DeadstockedUITestsLaunchTests.swift; sourceTree = "<group>"; };
		411A47A12C079D7E00F594C2 /* MenuRow.swift */ = {isa = PBXFileReference; lastKnownFileType = sourcecode.swift; path = MenuRow.swift; sourceTree = "<group>"; };
		411A47A72C07A96700F594C2 /* ModelData.swift */ = {isa = PBXFileReference; lastKnownFileType = sourcecode.swift; path = ModelData.swift; sourceTree = "<group>"; };
		411A47AC2C07ADD300F594C2 /* sneakers.json */ = {isa = PBXFileReference; lastKnownFileType = text.json; path = sneakers.json; sourceTree = "<group>"; };
		411A47B92C07B48300F594C2 /* Deadstocked Firebase.plist */ = {isa = PBXFileReference; fileEncoding = 4; lastKnownFileType = text.plist.xml; path = "Deadstocked Firebase.plist"; sourceTree = "<group>"; };
		411A47BB2C07B6B000F594C2 /* Sneakers.swift */ = {isa = PBXFileReference; lastKnownFileType = sourcecode.swift; path = Sneakers.swift; sourceTree = "<group>"; };
		411A47BD2C07BD8800F594C2 /* SneakerViewModel.swift */ = {isa = PBXFileReference; lastKnownFileType = sourcecode.swift; path = SneakerViewModel.swift; sourceTree = "<group>"; };
/* End PBXFileReference section */

/* Begin PBXFrameworksBuildPhase section */
		4109961A2BFAD76C00505FEF /* Frameworks */ = {
			isa = PBXFrameworksBuildPhase;
			buildActionMask = 2147483647;
			files = (
				411A47B42C07B45B00F594C2 /* FirebaseAnalyticsSwift in Frameworks */,
				411A47B02C07B45B00F594C2 /* FirebaseAnalytics in Frameworks */,
				411A47B22C07B45B00F594C2 /* FirebaseAnalyticsOnDeviceConversion in Frameworks */,
				411A47B82C07B45B00F594C2 /* FirebaseAppCheck in Frameworks */,
				411A47B62C07B45B00F594C2 /* FirebaseAnalyticsWithoutAdIdSupport in Frameworks */,
			);
			runOnlyForDeploymentPostprocessing = 0;
		};
		4109962F2BFAD76D00505FEF /* Frameworks */ = {
			isa = PBXFrameworksBuildPhase;
			buildActionMask = 2147483647;
			files = (
			);
			runOnlyForDeploymentPostprocessing = 0;
		};
		410996392BFAD76D00505FEF /* Frameworks */ = {
			isa = PBXFrameworksBuildPhase;
			buildActionMask = 2147483647;
			files = (
			);
			runOnlyForDeploymentPostprocessing = 0;
		};
/* End PBXFrameworksBuildPhase section */

/* Begin PBXGroup section */
		410996142BFAD76C00505FEF = {
			isa = PBXGroup;
			children = (
				410996202BFAD76C00505FEF /* DeadstockedApp.swift */,
				411A47B92C07B48300F594C2 /* Deadstocked Firebase.plist */,
				4109961F2BFAD76C00505FEF /* Deadstocked */,
				410996352BFAD76D00505FEF /* DeadstockedTests */,
				4109963F2BFAD76D00505FEF /* DeadstockedUITests */,
				4109961E2BFAD76C00505FEF /* Products */,
			);
			sourceTree = "<group>";
		};
		4109961E2BFAD76C00505FEF /* Products */ = {
			isa = PBXGroup;
			children = (
				4109961D2BFAD76C00505FEF /* Deadstocked.app */,
				410996322BFAD76D00505FEF /* DeadstockedTests.xctest */,
				4109963C2BFAD76D00505FEF /* DeadstockedUITests.xctest */,
			);
			name = Products;
			sourceTree = "<group>";
		};
		4109961F2BFAD76C00505FEF /* Deadstocked */ = {
			isa = PBXGroup;
			children = (
				411A47A62C079FA400F594C2 /* ViewModels */,
				411A47A52C079F8200F594C2 /* Utilities */,
				411A47A42C079F7A00F594C2 /* Models */,
				411A47A32C079F6B00F594C2 /* Components */,
				410996222BFAD76C00505FEF /* ContentView.swift */,
				410996242BFAD76D00505FEF /* Assets.xcassets */,
				410996292BFAD76D00505FEF /* Persistence.swift */,
				4109962B2BFAD76D00505FEF /* Deadstocked.xcdatamodeld */,
				410996262BFAD76D00505FEF /* Preview Content */,
			);
			path = Deadstocked;
			sourceTree = "<group>";
		};
		410996262BFAD76D00505FEF /* Preview Content */ = {
			isa = PBXGroup;
			children = (
				410996272BFAD76D00505FEF /* Preview Assets.xcassets */,
			);
			path = "Preview Content";
			sourceTree = "<group>";
		};
		410996352BFAD76D00505FEF /* DeadstockedTests */ = {
			isa = PBXGroup;
			children = (
				410996362BFAD76D00505FEF /* DeadstockedTests.swift */,
			);
			path = DeadstockedTests;
			sourceTree = "<group>";
		};
		4109963F2BFAD76D00505FEF /* DeadstockedUITests */ = {
			isa = PBXGroup;
			children = (
				410996402BFAD76D00505FEF /* DeadstockedUITests.swift */,
				410996422BFAD76D00505FEF /* DeadstockedUITestsLaunchTests.swift */,
			);
			path = DeadstockedUITests;
			sourceTree = "<group>";
		};
		411A47A32C079F6B00F594C2 /* Components */ = {
			isa = PBXGroup;
			children = (
				411A47A12C079D7E00F594C2 /* MenuRow.swift */,
			);
			path = Components;
			sourceTree = "<group>";
		};
		411A47A42C079F7A00F594C2 /* Models */ = {
			isa = PBXGroup;
			children = (
				411A47BB2C07B6B000F594C2 /* Sneakers.swift */,
			);
			path = Models;
			sourceTree = "<group>";
		};
		411A47A52C079F8200F594C2 /* Utilities */ = {
			isa = PBXGroup;
			children = (
				411A47A72C07A96700F594C2 /* ModelData.swift */,
				411A47AC2C07ADD300F594C2 /* sneakers.json */,
			);
			path = Utilities;
			sourceTree = "<group>";
		};
		411A47A62C079FA400F594C2 /* ViewModels */ = {
			isa = PBXGroup;
			children = (
				411A47BD2C07BD8800F594C2 /* SneakerViewModel.swift */,
			);
			path = ViewModels;
			sourceTree = "<group>";
		};
/* End PBXGroup section */

/* Begin PBXNativeTarget section */
		4109961C2BFAD76C00505FEF /* Deadstocked */ = {
			isa = PBXNativeTarget;
			buildConfigurationList = 410996462BFAD76D00505FEF /* Build configuration list for PBXNativeTarget "Deadstocked" */;
			buildPhases = (
				410996192BFAD76C00505FEF /* Sources */,
				4109961A2BFAD76C00505FEF /* Frameworks */,
				4109961B2BFAD76C00505FEF /* Resources */,
			);
			buildRules = (
			);
			dependencies = (
			);
			name = Deadstocked;
			packageProductDependencies = (
				411A47AF2C07B45B00F594C2 /* FirebaseAnalytics */,
				411A47B12C07B45B00F594C2 /* FirebaseAnalyticsOnDeviceConversion */,
				411A47B32C07B45B00F594C2 /* FirebaseAnalyticsSwift */,
				411A47B52C07B45B00F594C2 /* FirebaseAnalyticsWithoutAdIdSupport */,
				411A47B72C07B45B00F594C2 /* FirebaseAppCheck */,
			);
			productName = Deadstocked;
			productReference = 4109961D2BFAD76C00505FEF /* Deadstocked.app */;
			productType = "com.apple.product-type.application";
		};
		410996312BFAD76D00505FEF /* DeadstockedTests */ = {
			isa = PBXNativeTarget;
			buildConfigurationList = 410996492BFAD76D00505FEF /* Build configuration list for PBXNativeTarget "DeadstockedTests" */;
			buildPhases = (
				4109962E2BFAD76D00505FEF /* Sources */,
				4109962F2BFAD76D00505FEF /* Frameworks */,
				410996302BFAD76D00505FEF /* Resources */,
			);
			buildRules = (
			);
			dependencies = (
				410996342BFAD76D00505FEF /* PBXTargetDependency */,
			);
			name = DeadstockedTests;
			productName = DeadstockedTests;
			productReference = 410996322BFAD76D00505FEF /* DeadstockedTests.xctest */;
			productType = "com.apple.product-type.bundle.unit-test";
		};
		4109963B2BFAD76D00505FEF /* DeadstockedUITests */ = {
			isa = PBXNativeTarget;
			buildConfigurationList = 4109964C2BFAD76D00505FEF /* Build configuration list for PBXNativeTarget "DeadstockedUITests" */;
			buildPhases = (
				410996382BFAD76D00505FEF /* Sources */,
				410996392BFAD76D00505FEF /* Frameworks */,
				4109963A2BFAD76D00505FEF /* Resources */,
			);
			buildRules = (
			);
			dependencies = (
				4109963E2BFAD76D00505FEF /* PBXTargetDependency */,
			);
			name = DeadstockedUITests;
			productName = DeadstockedUITests;
			productReference = 4109963C2BFAD76D00505FEF /* DeadstockedUITests.xctest */;
			productType = "com.apple.product-type.bundle.ui-testing";
		};
/* End PBXNativeTarget section */

/* Begin PBXProject section */
		410996152BFAD76C00505FEF /* Project object */ = {
			isa = PBXProject;
			attributes = {
				BuildIndependentTargetsInParallel = 1;
				LastSwiftUpdateCheck = 1540;
				LastUpgradeCheck = 1540;
				TargetAttributes = {
					4109961C2BFAD76C00505FEF = {
						CreatedOnToolsVersion = 15.4;
					};
					410996312BFAD76D00505FEF = {
						CreatedOnToolsVersion = 15.4;
						TestTargetID = 4109961C2BFAD76C00505FEF;
					};
					4109963B2BFAD76D00505FEF = {
						CreatedOnToolsVersion = 15.4;
						TestTargetID = 4109961C2BFAD76C00505FEF;
					};
				};
			};
			buildConfigurationList = 410996182BFAD76C00505FEF /* Build configuration list for PBXProject "Deadstocked" */;
			compatibilityVersion = "Xcode 14.0";
			developmentRegion = en;
			hasScannedForEncodings = 0;
			knownRegions = (
				en,
				Base,
			);
			mainGroup = 410996142BFAD76C00505FEF;
			packageReferences = (
				411A47AE2C07B45B00F594C2 /* XCRemoteSwiftPackageReference "firebase-ios-sdk" */,
			);
			productRefGroup = 4109961E2BFAD76C00505FEF /* Products */;
			projectDirPath = "";
			projectRoot = "";
			targets = (
				4109961C2BFAD76C00505FEF /* Deadstocked */,
				410996312BFAD76D00505FEF /* DeadstockedTests */,
				4109963B2BFAD76D00505FEF /* DeadstockedUITests */,
			);
		};
/* End PBXProject section */

/* Begin PBXResourcesBuildPhase section */
		4109961B2BFAD76C00505FEF /* Resources */ = {
			isa = PBXResourcesBuildPhase;
			buildActionMask = 2147483647;
			files = (
				411A47BA2C07B48300F594C2 /* Deadstocked Firebase.plist in Resources */,
				411A47AD2C07ADD300F594C2 /* sneakers.json in Resources */,
				410996282BFAD76D00505FEF /* Preview Assets.xcassets in Resources */,
				410996252BFAD76D00505FEF /* Assets.xcassets in Resources */,
			);
			runOnlyForDeploymentPostprocessing = 0;
		};
		410996302BFAD76D00505FEF /* Resources */ = {
			isa = PBXResourcesBuildPhase;
			buildActionMask = 2147483647;
			files = (
			);
			runOnlyForDeploymentPostprocessing = 0;
		};
		4109963A2BFAD76D00505FEF /* Resources */ = {
			isa = PBXResourcesBuildPhase;
			buildActionMask = 2147483647;
			files = (
			);
			runOnlyForDeploymentPostprocessing = 0;
		};
/* End PBXResourcesBuildPhase section */

/* Begin PBXSourcesBuildPhase section */
		410996192BFAD76C00505FEF /* Sources */ = {
			isa = PBXSourcesBuildPhase;
			buildActionMask = 2147483647;
			files = (
				411A47BC2C07B6B000F594C2 /* Sneakers.swift in Sources */,
				4109962A2BFAD76D00505FEF /* Persistence.swift in Sources */,
				410996232BFAD76C00505FEF /* ContentView.swift in Sources */,
				410996212BFAD76C00505FEF /* DeadstockedApp.swift in Sources */,
				4109962D2BFAD76D00505FEF /* Deadstocked.xcdatamodeld in Sources */,
				411A47A22C079D7E00F594C2 /* MenuRow.swift in Sources */,
				411A47BE2C07BD8800F594C2 /* SneakerViewModel.swift in Sources */,
				411A47A82C07A96700F594C2 /* ModelData.swift in Sources */,
			);
			runOnlyForDeploymentPostprocessing = 0;
		};
		4109962E2BFAD76D00505FEF /* Sources */ = {
			isa = PBXSourcesBuildPhase;
			buildActionMask = 2147483647;
			files = (
				410996372BFAD76D00505FEF /* DeadstockedTests.swift in Sources */,
			);
			runOnlyForDeploymentPostprocessing = 0;
		};
		410996382BFAD76D00505FEF /* Sources */ = {
			isa = PBXSourcesBuildPhase;
			buildActionMask = 2147483647;
			files = (
				410996432BFAD76D00505FEF /* DeadstockedUITestsLaunchTests.swift in Sources */,
				410996412BFAD76D00505FEF /* DeadstockedUITests.swift in Sources */,
			);
			runOnlyForDeploymentPostprocessing = 0;
		};
/* End PBXSourcesBuildPhase section */

/* Begin PBXTargetDependency section */
		410996342BFAD76D00505FEF /* PBXTargetDependency */ = {
			isa = PBXTargetDependency;
			target = 4109961C2BFAD76C00505FEF /* Deadstocked */;
			targetProxy = 410996332BFAD76D00505FEF /* PBXContainerItemProxy */;
		};
		4109963E2BFAD76D00505FEF /* PBXTargetDependency */ = {
			isa = PBXTargetDependency;
			target = 4109961C2BFAD76C00505FEF /* Deadstocked */;
			targetProxy = 4109963D2BFAD76D00505FEF /* PBXContainerItemProxy */;
		};
/* End PBXTargetDependency section */

/* Begin XCBuildConfiguration section */
		410996442BFAD76D00505FEF /* Debug */ = {
			isa = XCBuildConfiguration;
			buildSettings = {
				ALWAYS_SEARCH_USER_PATHS = NO;
				ASSETCATALOG_COMPILER_GENERATE_SWIFT_ASSET_SYMBOL_EXTENSIONS = YES;
				CLANG_ANALYZER_NONNULL = YES;
				CLANG_ANALYZER_NUMBER_OBJECT_CONVERSION = YES_AGGRESSIVE;
				CLANG_CXX_LANGUAGE_STANDARD = "gnu++20";
				CLANG_ENABLE_MODULES = YES;
				CLANG_ENABLE_OBJC_ARC = YES;
				CLANG_ENABLE_OBJC_WEAK = YES;
				CLANG_WARN_BLOCK_CAPTURE_AUTORELEASING = YES;
				CLANG_WARN_BOOL_CONVERSION = YES;
				CLANG_WARN_COMMA = YES;
				CLANG_WARN_CONSTANT_CONVERSION = YES;
				CLANG_WARN_DEPRECATED_OBJC_IMPLEMENTATIONS = YES;
				CLANG_WARN_DIRECT_OBJC_ISA_USAGE = YES_ERROR;
				CLANG_WARN_DOCUMENTATION_COMMENTS = YES;
				CLANG_WARN_EMPTY_BODY = YES;
				CLANG_WARN_ENUM_CONVERSION = YES;
				CLANG_WARN_INFINITE_RECURSION = YES;
				CLANG_WARN_INT_CONVERSION = YES;
				CLANG_WARN_NON_LITERAL_NULL_CONVERSION = YES;
				CLANG_WARN_OBJC_IMPLICIT_RETAIN_SELF = YES;
				CLANG_WARN_OBJC_LITERAL_CONVERSION = YES;
				CLANG_WARN_OBJC_ROOT_CLASS = YES_ERROR;
				CLANG_WARN_QUOTED_INCLUDE_IN_FRAMEWORK_HEADER = YES;
				CLANG_WARN_RANGE_LOOP_ANALYSIS = YES;
				CLANG_WARN_STRICT_PROTOTYPES = YES;
				CLANG_WARN_SUSPICIOUS_MOVE = YES;
				CLANG_WARN_UNGUARDED_AVAILABILITY = YES_AGGRESSIVE;
				CLANG_WARN_UNREACHABLE_CODE = YES;
				CLANG_WARN__DUPLICATE_METHOD_MATCH = YES;
				COPY_PHASE_STRIP = NO;
				DEBUG_INFORMATION_FORMAT = dwarf;
				ENABLE_STRICT_OBJC_MSGSEND = YES;
				ENABLE_TESTABILITY = YES;
				ENABLE_USER_SCRIPT_SANDBOXING = YES;
				GCC_C_LANGUAGE_STANDARD = gnu17;
				GCC_DYNAMIC_NO_PIC = NO;
				GCC_NO_COMMON_BLOCKS = YES;
				GCC_OPTIMIZATION_LEVEL = 0;
				GCC_PREPROCESSOR_DEFINITIONS = (
					"DEBUG=1",
					"$(inherited)",
				);
				GCC_WARN_64_TO_32_BIT_CONVERSION = YES;
				GCC_WARN_ABOUT_RETURN_TYPE = YES_ERROR;
				GCC_WARN_UNDECLARED_SELECTOR = YES;
				GCC_WARN_UNINITIALIZED_AUTOS = YES_AGGRESSIVE;
				GCC_WARN_UNUSED_FUNCTION = YES;
				GCC_WARN_UNUSED_VARIABLE = YES;
				IPHONEOS_DEPLOYMENT_TARGET = 17.5;
				LOCALIZATION_PREFERS_STRING_CATALOGS = YES;
				MTL_ENABLE_DEBUG_INFO = INCLUDE_SOURCE;
				MTL_FAST_MATH = YES;
				ONLY_ACTIVE_ARCH = YES;
				SDKROOT = iphoneos;
				SWIFT_ACTIVE_COMPILATION_CONDITIONS = "DEBUG $(inherited)";
				SWIFT_OPTIMIZATION_LEVEL = "-Onone";
			};
			name = Debug;
		};
		410996452BFAD76D00505FEF /* Release */ = {
			isa = XCBuildConfiguration;
			buildSettings = {
				ALWAYS_SEARCH_USER_PATHS = NO;
				ASSETCATALOG_COMPILER_GENERATE_SWIFT_ASSET_SYMBOL_EXTENSIONS = YES;
				CLANG_ANALYZER_NONNULL = YES;
				CLANG_ANALYZER_NUMBER_OBJECT_CONVERSION = YES_AGGRESSIVE;
				CLANG_CXX_LANGUAGE_STANDARD = "gnu++20";
				CLANG_ENABLE_MODULES = YES;
				CLANG_ENABLE_OBJC_ARC = YES;
				CLANG_ENABLE_OBJC_WEAK = YES;
				CLANG_WARN_BLOCK_CAPTURE_AUTORELEASING = YES;
				CLANG_WARN_BOOL_CONVERSION = YES;
				CLANG_WARN_COMMA = YES;
				CLANG_WARN_CONSTANT_CONVERSION = YES;
				CLANG_WARN_DEPRECATED_OBJC_IMPLEMENTATIONS = YES;
				CLANG_WARN_DIRECT_OBJC_ISA_USAGE = YES_ERROR;
				CLANG_WARN_DOCUMENTATION_COMMENTS = YES;
				CLANG_WARN_EMPTY_BODY = YES;
				CLANG_WARN_ENUM_CONVERSION = YES;
				CLANG_WARN_INFINITE_RECURSION = YES;
				CLANG_WARN_INT_CONVERSION = YES;
				CLANG_WARN_NON_LITERAL_NULL_CONVERSION = YES;
				CLANG_WARN_OBJC_IMPLICIT_RETAIN_SELF = YES;
				CLANG_WARN_OBJC_LITERAL_CONVERSION = YES;
				CLANG_WARN_OBJC_ROOT_CLASS = YES_ERROR;
				CLANG_WARN_QUOTED_INCLUDE_IN_FRAMEWORK_HEADER = YES;
				CLANG_WARN_RANGE_LOOP_ANALYSIS = YES;
				CLANG_WARN_STRICT_PROTOTYPES = YES;
				CLANG_WARN_SUSPICIOUS_MOVE = YES;
				CLANG_WARN_UNGUARDED_AVAILABILITY = YES_AGGRESSIVE;
				CLANG_WARN_UNREACHABLE_CODE = YES;
				CLANG_WARN__DUPLICATE_METHOD_MATCH = YES;
				COPY_PHASE_STRIP = NO;
				DEBUG_INFORMATION_FORMAT = "dwarf-with-dsym";
				ENABLE_NS_ASSERTIONS = NO;
				ENABLE_STRICT_OBJC_MSGSEND = YES;
				ENABLE_USER_SCRIPT_SANDBOXING = YES;
				GCC_C_LANGUAGE_STANDARD = gnu17;
				GCC_NO_COMMON_BLOCKS = YES;
				GCC_WARN_64_TO_32_BIT_CONVERSION = YES;
				GCC_WARN_ABOUT_RETURN_TYPE = YES_ERROR;
				GCC_WARN_UNDECLARED_SELECTOR = YES;
				GCC_WARN_UNINITIALIZED_AUTOS = YES_AGGRESSIVE;
				GCC_WARN_UNUSED_FUNCTION = YES;
				GCC_WARN_UNUSED_VARIABLE = YES;
				IPHONEOS_DEPLOYMENT_TARGET = 17.5;
				LOCALIZATION_PREFERS_STRING_CATALOGS = YES;
				MTL_ENABLE_DEBUG_INFO = NO;
				MTL_FAST_MATH = YES;
				SDKROOT = iphoneos;
				SWIFT_COMPILATION_MODE = wholemodule;
				VALIDATE_PRODUCT = YES;
			};
			name = Release;
		};
		410996472BFAD76D00505FEF /* Debug */ = {
			isa = XCBuildConfiguration;
			buildSettings = {
				ASSETCATALOG_COMPILER_APPICON_NAME = AppIcon;
				ASSETCATALOG_COMPILER_GLOBAL_ACCENT_COLOR_NAME = AccentColor;
				CODE_SIGN_STYLE = Automatic;
				CURRENT_PROJECT_VERSION = 1;
				DEVELOPMENT_ASSET_PATHS = "\"Deadstocked/Preview Content\"";
				DEVELOPMENT_TEAM = T8USCJ33J7;
				ENABLE_PREVIEWS = YES;
				GENERATE_INFOPLIST_FILE = YES;
				INFOPLIST_KEY_CFBundleDisplayName = Deadstocked;
				INFOPLIST_KEY_LSApplicationCategoryType = "public.app-category.lifestyle";
				INFOPLIST_KEY_UIApplicationSceneManifest_Generation = YES;
				INFOPLIST_KEY_UIApplicationSupportsIndirectInputEvents = YES;
				INFOPLIST_KEY_UILaunchScreen_Generation = YES;
				INFOPLIST_KEY_UISupportedInterfaceOrientations_iPad = "UIInterfaceOrientationPortrait UIInterfaceOrientationPortraitUpsideDown UIInterfaceOrientationLandscapeLeft UIInterfaceOrientationLandscapeRight";
				INFOPLIST_KEY_UISupportedInterfaceOrientations_iPhone = "UIInterfaceOrientationPortrait UIInterfaceOrientationLandscapeLeft UIInterfaceOrientationLandscapeRight";
				LD_RUNPATH_SEARCH_PATHS = (
					"$(inherited)",
					"@executable_path/Frameworks",
				);
				MARKETING_VERSION = 1.0;
				PRODUCT_BUNDLE_IDENTIFIER = brandon.Deadstocked;
				PRODUCT_NAME = "$(TARGET_NAME)";
				SWIFT_EMIT_LOC_STRINGS = YES;
				SWIFT_VERSION = 5.0;
				TARGETED_DEVICE_FAMILY = "1,2";
			};
			name = Debug;
		};
		410996482BFAD76D00505FEF /* Release */ = {
			isa = XCBuildConfiguration;
			buildSettings = {
				ASSETCATALOG_COMPILER_APPICON_NAME = AppIcon;
				ASSETCATALOG_COMPILER_GLOBAL_ACCENT_COLOR_NAME = AccentColor;
				CODE_SIGN_STYLE = Automatic;
				CURRENT_PROJECT_VERSION = 1;
				DEVELOPMENT_ASSET_PATHS = "\"Deadstocked/Preview Content\"";
				DEVELOPMENT_TEAM = T8USCJ33J7;
				ENABLE_PREVIEWS = YES;
				GENERATE_INFOPLIST_FILE = YES;
				INFOPLIST_KEY_CFBundleDisplayName = Deadstocked;
				INFOPLIST_KEY_LSApplicationCategoryType = "public.app-category.lifestyle";
				INFOPLIST_KEY_UIApplicationSceneManifest_Generation = YES;
				INFOPLIST_KEY_UIApplicationSupportsIndirectInputEvents = YES;
				INFOPLIST_KEY_UILaunchScreen_Generation = YES;
				INFOPLIST_KEY_UISupportedInterfaceOrientations_iPad = "UIInterfaceOrientationPortrait UIInterfaceOrientationPortraitUpsideDown UIInterfaceOrientationLandscapeLeft UIInterfaceOrientationLandscapeRight";
				INFOPLIST_KEY_UISupportedInterfaceOrientations_iPhone = "UIInterfaceOrientationPortrait UIInterfaceOrientationLandscapeLeft UIInterfaceOrientationLandscapeRight";
				LD_RUNPATH_SEARCH_PATHS = (
					"$(inherited)",
					"@executable_path/Frameworks",
				);
				MARKETING_VERSION = 1.0;
				PRODUCT_BUNDLE_IDENTIFIER = brandon.Deadstocked;
				PRODUCT_NAME = "$(TARGET_NAME)";
				SWIFT_EMIT_LOC_STRINGS = YES;
				SWIFT_VERSION = 5.0;
				TARGETED_DEVICE_FAMILY = "1,2";
			};
			name = Release;
		};
		4109964A2BFAD76D00505FEF /* Debug */ = {
			isa = XCBuildConfiguration;
			buildSettings = {
				ALWAYS_EMBED_SWIFT_STANDARD_LIBRARIES = YES;
				BUNDLE_LOADER = "$(TEST_HOST)";
				CODE_SIGN_STYLE = Automatic;
				CURRENT_PROJECT_VERSION = 1;
				DEVELOPMENT_TEAM = T8USCJ33J7;
				GENERATE_INFOPLIST_FILE = YES;
				IPHONEOS_DEPLOYMENT_TARGET = 17.5;
				MARKETING_VERSION = 1.0;
				PRODUCT_BUNDLE_IDENTIFIER = brandon.DeadstockedTests;
				PRODUCT_NAME = "$(TARGET_NAME)";
				SWIFT_EMIT_LOC_STRINGS = NO;
				SWIFT_VERSION = 5.0;
				TARGETED_DEVICE_FAMILY = "1,2";
				TEST_HOST = "$(BUILT_PRODUCTS_DIR)/Deadstocked.app/$(BUNDLE_EXECUTABLE_FOLDER_PATH)/Deadstocked";
			};
			name = Debug;
		};
		4109964B2BFAD76D00505FEF /* Release */ = {
			isa = XCBuildConfiguration;
			buildSettings = {
				ALWAYS_EMBED_SWIFT_STANDARD_LIBRARIES = YES;
				BUNDLE_LOADER = "$(TEST_HOST)";
				CODE_SIGN_STYLE = Automatic;
				CURRENT_PROJECT_VERSION = 1;
				DEVELOPMENT_TEAM = T8USCJ33J7;
				GENERATE_INFOPLIST_FILE = YES;
				IPHONEOS_DEPLOYMENT_TARGET = 17.5;
				MARKETING_VERSION = 1.0;
				PRODUCT_BUNDLE_IDENTIFIER = brandon.DeadstockedTests;
				PRODUCT_NAME = "$(TARGET_NAME)";
				SWIFT_EMIT_LOC_STRINGS = NO;
				SWIFT_VERSION = 5.0;
				TARGETED_DEVICE_FAMILY = "1,2";
				TEST_HOST = "$(BUILT_PRODUCTS_DIR)/Deadstocked.app/$(BUNDLE_EXECUTABLE_FOLDER_PATH)/Deadstocked";
			};
			name = Release;
		};
		4109964D2BFAD76D00505FEF /* Debug */ = {
			isa = XCBuildConfiguration;
			buildSettings = {
				ALWAYS_EMBED_SWIFT_STANDARD_LIBRARIES = YES;
				CODE_SIGN_STYLE = Automatic;
				CURRENT_PROJECT_VERSION = 1;
				DEVELOPMENT_TEAM = T8USCJ33J7;
				GENERATE_INFOPLIST_FILE = YES;
				MARKETING_VERSION = 1.0;
				PRODUCT_BUNDLE_IDENTIFIER = brandon.DeadstockedUITests;
				PRODUCT_NAME = "$(TARGET_NAME)";
				SWIFT_EMIT_LOC_STRINGS = NO;
				SWIFT_VERSION = 5.0;
				TARGETED_DEVICE_FAMILY = "1,2";
				TEST_TARGET_NAME = Deadstocked;
			};
			name = Debug;
		};
		4109964E2BFAD76D00505FEF /* Release */ = {
			isa = XCBuildConfiguration;
			buildSettings = {
				ALWAYS_EMBED_SWIFT_STANDARD_LIBRARIES = YES;
				CODE_SIGN_STYLE = Automatic;
				CURRENT_PROJECT_VERSION = 1;
				DEVELOPMENT_TEAM = T8USCJ33J7;
				GENERATE_INFOPLIST_FILE = YES;
				MARKETING_VERSION = 1.0;
				PRODUCT_BUNDLE_IDENTIFIER = brandon.DeadstockedUITests;
				PRODUCT_NAME = "$(TARGET_NAME)";
				SWIFT_EMIT_LOC_STRINGS = NO;
				SWIFT_VERSION = 5.0;
				TARGETED_DEVICE_FAMILY = "1,2";
				TEST_TARGET_NAME = Deadstocked;
			};
			name = Release;
		};
/* End XCBuildConfiguration section */

/* Begin XCConfigurationList section */
		410996182BFAD76C00505FEF /* Build configuration list for PBXProject "Deadstocked" */ = {
			isa = XCConfigurationList;
			buildConfigurations = (
				410996442BFAD76D00505FEF /* Debug */,
				410996452BFAD76D00505FEF /* Release */,
			);
			defaultConfigurationIsVisible = 0;
			defaultConfigurationName = Release;
		};
		410996462BFAD76D00505FEF /* Build configuration list for PBXNativeTarget "Deadstocked" */ = {
			isa = XCConfigurationList;
			buildConfigurations = (
				410996472BFAD76D00505FEF /* Debug */,
				410996482BFAD76D00505FEF /* Release */,
			);
			defaultConfigurationIsVisible = 0;
			defaultConfigurationName = Release;
		};
		410996492BFAD76D00505FEF /* Build configuration list for PBXNativeTarget "DeadstockedTests" */ = {
			isa = XCConfigurationList;
			buildConfigurations = (
				4109964A2BFAD76D00505FEF /* Debug */,
				4109964B2BFAD76D00505FEF /* Release */,
			);
			defaultConfigurationIsVisible = 0;
			defaultConfigurationName = Release;
		};
		4109964C2BFAD76D00505FEF /* Build configuration list for PBXNativeTarget "DeadstockedUITests" */ = {
			isa = XCConfigurationList;
			buildConfigurations = (
				4109964D2BFAD76D00505FEF /* Debug */,
				4109964E2BFAD76D00505FEF /* Release */,
			);
			defaultConfigurationIsVisible = 0;
			defaultConfigurationName = Release;
		};
/* End XCConfigurationList section */

/* Begin XCRemoteSwiftPackageReference section */
		411A47AE2C07B45B00F594C2 /* XCRemoteSwiftPackageReference "firebase-ios-sdk" */ = {
			isa = XCRemoteSwiftPackageReference;
			repositoryURL = "https://github.com/firebase/firebase-ios-sdk";
			requirement = {
				kind = upToNextMajorVersion;
				minimumVersion = 10.27.0;
			};
		};
/* End XCRemoteSwiftPackageReference section */

/* Begin XCSwiftPackageProductDependency section */
		411A47AF2C07B45B00F594C2 /* FirebaseAnalytics */ = {
			isa = XCSwiftPackageProductDependency;
			package = 411A47AE2C07B45B00F594C2 /* XCRemoteSwiftPackageReference "firebase-ios-sdk" */;
			productName = FirebaseAnalytics;
		};
		411A47B12C07B45B00F594C2 /* FirebaseAnalyticsOnDeviceConversion */ = {
			isa = XCSwiftPackageProductDependency;
			package = 411A47AE2C07B45B00F594C2 /* XCRemoteSwiftPackageReference "firebase-ios-sdk" */;
			productName = FirebaseAnalyticsOnDeviceConversion;
		};
		411A47B32C07B45B00F594C2 /* FirebaseAnalyticsSwift */ = {
			isa = XCSwiftPackageProductDependency;
			package = 411A47AE2C07B45B00F594C2 /* XCRemoteSwiftPackageReference "firebase-ios-sdk" */;
			productName = FirebaseAnalyticsSwift;
		};
		411A47B52C07B45B00F594C2 /* FirebaseAnalyticsWithoutAdIdSupport */ = {
			isa = XCSwiftPackageProductDependency;
			package = 411A47AE2C07B45B00F594C2 /* XCRemoteSwiftPackageReference "firebase-ios-sdk" */;
			productName = FirebaseAnalyticsWithoutAdIdSupport;
		};
		411A47B72C07B45B00F594C2 /* FirebaseAppCheck */ = {
			isa = XCSwiftPackageProductDependency;
			package = 411A47AE2C07B45B00F594C2 /* XCRemoteSwiftPackageReference "firebase-ios-sdk" */;
			productName = FirebaseAppCheck;
		};
/* End XCSwiftPackageProductDependency section */

/* Begin XCVersionGroup section */
		4109962B2BFAD76D00505FEF /* Deadstocked.xcdatamodeld */ = {
			isa = XCVersionGroup;
			children = (
				4109962C2BFAD76D00505FEF /* Deadstocked.xcdatamodel */,
			);
			currentVersion = 4109962C2BFAD76D00505FEF /* Deadstocked.xcdatamodel */;
			path = Deadstocked.xcdatamodeld;
			sourceTree = "<group>";
			versionGroupType = wrapper.xcdatamodel;
		};
/* End XCVersionGroup section */
	};
	rootObject = 410996152BFAD76C00505FEF /* Project object */;
}
